// !$*UTF8*$!
{
	archiveVersion = 1;
	classes = {
	};
	objectVersion = 45;
	objects = {

/* Begin PBXBuildFile section */
		1D3623260D0F684500981E51 /* WPSC_SalesAppDelegate.m in Sources */ = {isa = PBXBuildFile; fileRef = 1D3623250D0F684500981E51 /* WPSC_SalesAppDelegate.m */; };
		1D60589B0D05DD56006BFB54 /* main.m in Sources */ = {isa = PBXBuildFile; fileRef = 29B97316FDCFA39411CA2CEA /* main.m */; };
		1D60589F0D05DD5A006BFB54 /* Foundation.framework in Frameworks */ = {isa = PBXBuildFile; fileRef = 1D30AB110D05D00D00671497 /* Foundation.framework */; };
		1DF5F4E00D08C38300B7A737 /* UIKit.framework in Frameworks */ = {isa = PBXBuildFile; fileRef = 1DF5F4DF0D08C38300B7A737 /* UIKit.framework */; };
		2892E4100DC94CBA00A64D0F /* CoreGraphics.framework in Frameworks */ = {isa = PBXBuildFile; fileRef = 2892E40F0DC94CBA00A64D0F /* CoreGraphics.framework */; };
		28AD73600D9D9599002E5188 /* MainWindow.xib in Resources */ = {isa = PBXBuildFile; fileRef = 28AD735F0D9D9599002E5188 /* MainWindow.xib */; };
		28C286E10D94DF7D0034E888 /* RootViewController.m in Sources */ = {isa = PBXBuildFile; fileRef = 28C286E00D94DF7D0034E888 /* RootViewController.m */; };
		28F335F11007B36200424DE2 /* RootViewController.xib in Resources */ = {isa = PBXBuildFile; fileRef = 28F335F01007B36200424DE2 /* RootViewController.xib */; };
		3151B2FD119E972200931CB6 /* getshopped.png in Resources */ = {isa = PBXBuildFile; fileRef = 3151B2FC119E972200931CB6 /* getshopped.png */; };
		31B3943411A3F66100E60835 /* RSSTableController.m in Sources */ = {isa = PBXBuildFile; fileRef = 31B3943211A3F66100E60835 /* RSSTableController.m */; };
		31B3943511A3F66100E60835 /* RSSTableController.xib in Resources */ = {isa = PBXBuildFile; fileRef = 31B3943311A3F66100E60835 /* RSSTableController.xib */; };
		31B8CE9B1189A4CF00F25000 /* NSDataAdditions.m in Sources */ = {isa = PBXBuildFile; fileRef = 31B8CE871189A4CF00F25000 /* NSDataAdditions.m */; };
		31B8CE9C1189A4CF00F25000 /* NSStringAdditions.m in Sources */ = {isa = PBXBuildFile; fileRef = 31B8CE891189A4CF00F25000 /* NSStringAdditions.m */; };
		31B8CE9D1189A4CF00F25000 /* XMLRPCConnection.m in Sources */ = {isa = PBXBuildFile; fileRef = 31B8CE8E1189A4CF00F25000 /* XMLRPCConnection.m */; };
		31B8CE9E1189A4CF00F25000 /* XMLRPCConnectionManager.m in Sources */ = {isa = PBXBuildFile; fileRef = 31B8CE901189A4CF00F25000 /* XMLRPCConnectionManager.m */; };
		31B8CE9F1189A4CF00F25000 /* XMLRPCEncoder.m in Sources */ = {isa = PBXBuildFile; fileRef = 31B8CE921189A4CF00F25000 /* XMLRPCEncoder.m */; };
		31B8CEA01189A4CF00F25000 /* XMLRPCEventBasedParser.m in Sources */ = {isa = PBXBuildFile; fileRef = 31B8CE941189A4CF00F25000 /* XMLRPCEventBasedParser.m */; };
		31B8CEA11189A4CF00F25000 /* XMLRPCEventBasedParserDelegate.m in Sources */ = {isa = PBXBuildFile; fileRef = 31B8CE961189A4CF00F25000 /* XMLRPCEventBasedParserDelegate.m */; };
		31B8CEA21189A4CF00F25000 /* XMLRPCRequest.m in Sources */ = {isa = PBXBuildFile; fileRef = 31B8CE981189A4CF00F25000 /* XMLRPCRequest.m */; };
		31B8CEA31189A4CF00F25000 /* XMLRPCResponse.m in Sources */ = {isa = PBXBuildFile; fileRef = 31B8CE9A1189A4CF00F25000 /* XMLRPCResponse.m */; };
/* End PBXBuildFile section */

/* Begin PBXFileReference section */
		1D30AB110D05D00D00671497 /* Foundation.framework */ = {isa = PBXFileReference; lastKnownFileType = wrapper.framework; name = Foundation.framework; path = System/Library/Frameworks/Foundation.framework; sourceTree = SDKROOT; };
		1D3623240D0F684500981E51 /* WPSC_SalesAppDelegate.h */ = {isa = PBXFileReference; fileEncoding = 4; lastKnownFileType = sourcecode.c.h; path = WPSC_SalesAppDelegate.h; sourceTree = "<group>"; };
		1D3623250D0F684500981E51 /* WPSC_SalesAppDelegate.m */ = {isa = PBXFileReference; explicitFileType = sourcecode.c.objc; fileEncoding = 4; path = WPSC_SalesAppDelegate.m; sourceTree = "<group>"; };
		1D6058910D05DD3D006BFB54 /* WPSC Sales.app */ = {isa = PBXFileReference; explicitFileType = wrapper.application; includeInIndex = 0; path = "WPSC Sales.app"; sourceTree = BUILT_PRODUCTS_DIR; };
		1DF5F4DF0D08C38300B7A737 /* UIKit.framework */ = {isa = PBXFileReference; lastKnownFileType = wrapper.framework; name = UIKit.framework; path = System/Library/Frameworks/UIKit.framework; sourceTree = SDKROOT; };
		2892E40F0DC94CBA00A64D0F /* CoreGraphics.framework */ = {isa = PBXFileReference; lastKnownFileType = wrapper.framework; name = CoreGraphics.framework; path = System/Library/Frameworks/CoreGraphics.framework; sourceTree = SDKROOT; };
		28A0AAE50D9B0CCF005BE974 /* WPSC_Sales_Prefix.pch */ = {isa = PBXFileReference; fileEncoding = 4; lastKnownFileType = sourcecode.c.h; path = WPSC_Sales_Prefix.pch; sourceTree = "<group>"; };
		28AD735F0D9D9599002E5188 /* MainWindow.xib */ = {isa = PBXFileReference; lastKnownFileType = file.xib; path = MainWindow.xib; sourceTree = "<group>"; };
		28C286DF0D94DF7D0034E888 /* RootViewController.h */ = {isa = PBXFileReference; fileEncoding = 4; lastKnownFileType = sourcecode.c.h; path = RootViewController.h; sourceTree = "<group>"; };
		28C286E00D94DF7D0034E888 /* RootViewController.m */ = {isa = PBXFileReference; fileEncoding = 4; lastKnownFileType = sourcecode.c.objc; path = RootViewController.m; sourceTree = "<group>"; };
		28F335F01007B36200424DE2 /* RootViewController.xib */ = {isa = PBXFileReference; lastKnownFileType = file.xib; path = RootViewController.xib; sourceTree = "<group>"; };
		29B97316FDCFA39411CA2CEA /* main.m */ = {isa = PBXFileReference; fileEncoding = 4; lastKnownFileType = sourcecode.c.objc; path = main.m; sourceTree = "<group>"; };
		3151B2FC119E972200931CB6 /* getshopped.png */ = {isa = PBXFileReference; lastKnownFileType = image.png; path = getshopped.png; sourceTree = "<group>"; };
		31B3943111A3F66100E60835 /* RSSTableController.h */ = {isa = PBXFileReference; fileEncoding = 4; lastKnownFileType = sourcecode.c.h; path = RSSTableController.h; sourceTree = "<group>"; };
		31B3943211A3F66100E60835 /* RSSTableController.m */ = {isa = PBXFileReference; fileEncoding = 4; lastKnownFileType = sourcecode.c.objc; path = RSSTableController.m; sourceTree = "<group>"; };
		31B3943311A3F66100E60835 /* RSSTableController.xib */ = {isa = PBXFileReference; lastKnownFileType = file.xib; name = RSSTableController.xib; path = Classes/RSSTableController.xib; sourceTree = "<group>"; };
		31B8CE861189A4CF00F25000 /* NSDataAdditions.h */ = {isa = PBXFileReference; fileEncoding = 4; lastKnownFileType = sourcecode.c.h; path = NSDataAdditions.h; sourceTree = "<group>"; };
		31B8CE871189A4CF00F25000 /* NSDataAdditions.m */ = {isa = PBXFileReference; fileEncoding = 4; lastKnownFileType = sourcecode.c.objc; path = NSDataAdditions.m; sourceTree = "<group>"; };
		31B8CE881189A4CF00F25000 /* NSStringAdditions.h */ = {isa = PBXFileReference; fileEncoding = 4; lastKnownFileType = sourcecode.c.h; path = NSStringAdditions.h; sourceTree = "<group>"; };
		31B8CE891189A4CF00F25000 /* NSStringAdditions.m */ = {isa = PBXFileReference; fileEncoding = 4; lastKnownFileType = sourcecode.c.objc; path = NSStringAdditions.m; sourceTree = "<group>"; };
		31B8CE8B1189A4CF00F25000 /* XMLRPCConnectionDelegate.h */ = {isa = PBXFileReference; fileEncoding = 4; lastKnownFileType = sourcecode.c.h; path = XMLRPCConnectionDelegate.h; sourceTree = "<group>"; };
		31B8CE8C1189A4CF00F25000 /* XMLRPC.h */ = {isa = PBXFileReference; fileEncoding = 4; lastKnownFileType = sourcecode.c.h; path = XMLRPC.h; sourceTree = "<group>"; };
		31B8CE8D1189A4CF00F25000 /* XMLRPCConnection.h */ = {isa = PBXFileReference; fileEncoding = 4; lastKnownFileType = sourcecode.c.h; path = XMLRPCConnection.h; sourceTree = "<group>"; };
		31B8CE8E1189A4CF00F25000 /* XMLRPCConnection.m */ = {isa = PBXFileReference; fileEncoding = 4; lastKnownFileType = sourcecode.c.objc; path = XMLRPCConnection.m; sourceTree = "<group>"; };
		31B8CE8F1189A4CF00F25000 /* XMLRPCConnectionManager.h */ = {isa = PBXFileReference; fileEncoding = 4; lastKnownFileType = sourcecode.c.h; path = XMLRPCConnectionManager.h; sourceTree = "<group>"; };
		31B8CE901189A4CF00F25000 /* XMLRPCConnectionManager.m */ = {isa = PBXFileReference; fileEncoding = 4; lastKnownFileType = sourcecode.c.objc; path = XMLRPCConnectionManager.m; sourceTree = "<group>"; };
		31B8CE911189A4CF00F25000 /* XMLRPCEncoder.h */ = {isa = PBXFileReference; fileEncoding = 4; lastKnownFileType = sourcecode.c.h; path = XMLRPCEncoder.h; sourceTree = "<group>"; };
		31B8CE921189A4CF00F25000 /* XMLRPCEncoder.m */ = {isa = PBXFileReference; fileEncoding = 4; lastKnownFileType = sourcecode.c.objc; path = XMLRPCEncoder.m; sourceTree = "<group>"; };
		31B8CE931189A4CF00F25000 /* XMLRPCEventBasedParser.h */ = {isa = PBXFileReference; fileEncoding = 4; lastKnownFileType = sourcecode.c.h; path = XMLRPCEventBasedParser.h; sourceTree = "<group>"; };
		31B8CE941189A4CF00F25000 /* XMLRPCEventBasedParser.m */ = {isa = PBXFileReference; fileEncoding = 4; lastKnownFileType = sourcecode.c.objc; path = XMLRPCEventBasedParser.m; sourceTree = "<group>"; };
		31B8CE951189A4CF00F25000 /* XMLRPCEventBasedParserDelegate.h */ = {isa = PBXFileReference; fileEncoding = 4; lastKnownFileType = sourcecode.c.h; path = XMLRPCEventBasedParserDelegate.h; sourceTree = "<group>"; };
		31B8CE961189A4CF00F25000 /* XMLRPCEventBasedParserDelegate.m */ = {isa = PBXFileReference; fileEncoding = 4; lastKnownFileType = sourcecode.c.objc; path = XMLRPCEventBasedParserDelegate.m; sourceTree = "<group>"; };
		31B8CE971189A4CF00F25000 /* XMLRPCRequest.h */ = {isa = PBXFileReference; fileEncoding = 4; lastKnownFileType = sourcecode.c.h; path = XMLRPCRequest.h; sourceTree = "<group>"; };
		31B8CE981189A4CF00F25000 /* XMLRPCRequest.m */ = {isa = PBXFileReference; fileEncoding = 4; lastKnownFileType = sourcecode.c.objc; path = XMLRPCRequest.m; sourceTree = "<group>"; };
		31B8CE991189A4CF00F25000 /* XMLRPCResponse.h */ = {isa = PBXFileReference; fileEncoding = 4; lastKnownFileType = sourcecode.c.h; path = XMLRPCResponse.h; sourceTree = "<group>"; };
		31B8CE9A1189A4CF00F25000 /* XMLRPCResponse.m */ = {isa = PBXFileReference; fileEncoding = 4; lastKnownFileType = sourcecode.c.objc; path = XMLRPCResponse.m; sourceTree = "<group>"; };
		8D1107310486CEB800E47090 /* WPSC_Sales-Info.plist */ = {isa = PBXFileReference; fileEncoding = 4; lastKnownFileType = text.plist.xml; path = "WPSC_Sales-Info.plist"; plistStructureDefinitionIdentifier = "com.apple.xcode.plist.structure-definition.iphone.info-plist"; sourceTree = "<group>"; };
/* End PBXFileReference section */

/* Begin PBXFrameworksBuildPhase section */
		1D60588F0D05DD3D006BFB54 /* Frameworks */ = {
			isa = PBXFrameworksBuildPhase;
			buildActionMask = 2147483647;
			files = (
				1D60589F0D05DD5A006BFB54 /* Foundation.framework in Frameworks */,
				1DF5F4E00D08C38300B7A737 /* UIKit.framework in Frameworks */,
				2892E4100DC94CBA00A64D0F /* CoreGraphics.framework in Frameworks */,
			);
			runOnlyForDeploymentPostprocessing = 0;
		};
/* End PBXFrameworksBuildPhase section */

/* Begin PBXGroup section */
		080E96DDFE201D6D7F000001 /* Classes */ = {
			isa = PBXGroup;
			children = (
				31B8CEA41189A4D300F25000 /* XMLRPC */,
				28C286DF0D94DF7D0034E888 /* RootViewController.h */,
				28C286E00D94DF7D0034E888 /* RootViewController.m */,
				1D3623240D0F684500981E51 /* WPSC_SalesAppDelegate.h */,
				1D3623250D0F684500981E51 /* WPSC_SalesAppDelegate.m */,
				31B3943111A3F66100E60835 /* RSSTableController.h */,
				31B3943211A3F66100E60835 /* RSSTableController.m */,
			);
			path = Classes;
			sourceTree = "<group>";
		};
		19C28FACFE9D520D11CA2CBB /* Products */ = {
			isa = PBXGroup;
			children = (
				1D6058910D05DD3D006BFB54 /* WPSC Sales.app */,
			);
			name = Products;
			sourceTree = "<group>";
		};
		29B97314FDCFA39411CA2CEA /* CustomTemplate */ = {
			isa = PBXGroup;
			children = (
				080E96DDFE201D6D7F000001 /* Classes */,
				29B97315FDCFA39411CA2CEA /* Other Sources */,
				29B97317FDCFA39411CA2CEA /* Resources */,
				29B97323FDCFA39411CA2CEA /* Frameworks */,
				19C28FACFE9D520D11CA2CBB /* Products */,
			);
			name = CustomTemplate;
			sourceTree = "<group>";
		};
		29B97315FDCFA39411CA2CEA /* Other Sources */ = {
			isa = PBXGroup;
			children = (
				3151B2FC119E972200931CB6 /* getshopped.png */,
				28A0AAE50D9B0CCF005BE974 /* WPSC_Sales_Prefix.pch */,
				29B97316FDCFA39411CA2CEA /* main.m */,
			);
			name = "Other Sources";
			sourceTree = "<group>";
		};
		29B97317FDCFA39411CA2CEA /* Resources */ = {
			isa = PBXGroup;
			children = (
				31B3943311A3F66100E60835 /* RSSTableController.xib */,
				28F335F01007B36200424DE2 /* RootViewController.xib */,
				28AD735F0D9D9599002E5188 /* MainWindow.xib */,
				8D1107310486CEB800E47090 /* WPSC_Sales-Info.plist */,
			);
			name = Resources;
			sourceTree = "<group>";
		};
		29B97323FDCFA39411CA2CEA /* Frameworks */ = {
			isa = PBXGroup;
			children = (
				1DF5F4DF0D08C38300B7A737 /* UIKit.framework */,
				1D30AB110D05D00D00671497 /* Foundation.framework */,
				2892E40F0DC94CBA00A64D0F /* CoreGraphics.framework */,
			);
			name = Frameworks;
			sourceTree = "<group>";
		};
		31B8CE851189A4CF00F25000 /* Additions */ = {
			isa = PBXGroup;
			children = (
				31B8CE861189A4CF00F25000 /* NSDataAdditions.h */,
				31B8CE871189A4CF00F25000 /* NSDataAdditions.m */,
				31B8CE881189A4CF00F25000 /* NSStringAdditions.h */,
				31B8CE891189A4CF00F25000 /* NSStringAdditions.m */,
			);
			name = Additions;
			sourceTree = "<group>";
		};
		31B8CE8A1189A4CF00F25000 /* Delegates */ = {
			isa = PBXGroup;
			children = (
				31B8CE8B1189A4CF00F25000 /* XMLRPCConnectionDelegate.h */,
			);
			name = Delegates;
			sourceTree = "<group>";
		};
		31B8CEA41189A4D300F25000 /* XMLRPC */ = {
			isa = PBXGroup;
			children = (
				31B8CE8C1189A4CF00F25000 /* XMLRPC.h */,
				31B8CE8D1189A4CF00F25000 /* XMLRPCConnection.h */,
				31B8CE8E1189A4CF00F25000 /* XMLRPCConnection.m */,
				31B8CE8F1189A4CF00F25000 /* XMLRPCConnectionManager.h */,
				31B8CE901189A4CF00F25000 /* XMLRPCConnectionManager.m */,
				31B8CE911189A4CF00F25000 /* XMLRPCEncoder.h */,
				31B8CE921189A4CF00F25000 /* XMLRPCEncoder.m */,
				31B8CE931189A4CF00F25000 /* XMLRPCEventBasedParser.h */,
				31B8CE941189A4CF00F25000 /* XMLRPCEventBasedParser.m */,
				31B8CE951189A4CF00F25000 /* XMLRPCEventBasedParserDelegate.h */,
				31B8CE961189A4CF00F25000 /* XMLRPCEventBasedParserDelegate.m */,
				31B8CE971189A4CF00F25000 /* XMLRPCRequest.h */,
				31B8CE981189A4CF00F25000 /* XMLRPCRequest.m */,
				31B8CE991189A4CF00F25000 /* XMLRPCResponse.h */,
				31B8CE9A1189A4CF00F25000 /* XMLRPCResponse.m */,
				31B8CE8A1189A4CF00F25000 /* Delegates */,
				31B8CE851189A4CF00F25000 /* Additions */,
			);
			name = XMLRPC;
			sourceTree = "<group>";
		};
/* End PBXGroup section */

/* Begin PBXNativeTarget section */
		1D6058900D05DD3D006BFB54 /* WPSC Sales */ = {
			isa = PBXNativeTarget;
			buildConfigurationList = 1D6058960D05DD3E006BFB54 /* Build configuration list for PBXNativeTarget "WPSC Sales" */;
			buildPhases = (
				1D60588D0D05DD3D006BFB54 /* Resources */,
				1D60588E0D05DD3D006BFB54 /* Sources */,
				1D60588F0D05DD3D006BFB54 /* Frameworks */,
			);
			buildRules = (
			);
			dependencies = (
			);
			name = "WPSC Sales";
			productName = "WPSC Sales";
			productReference = 1D6058910D05DD3D006BFB54 /* WPSC Sales.app */;
			productType = "com.apple.product-type.application";
		};
/* End PBXNativeTarget section */

/* Begin PBXProject section */
		29B97313FDCFA39411CA2CEA /* Project object */ = {
			isa = PBXProject;
			buildConfigurationList = C01FCF4E08A954540054247B /* Build configuration list for PBXProject "WPSC Sales" */;
			compatibilityVersion = "Xcode 3.1";
			hasScannedForEncodings = 1;
			knownRegions = (
				English,
				Japanese,
				French,
				German,
				en,
			);
			mainGroup = 29B97314FDCFA39411CA2CEA /* CustomTemplate */;
			projectDirPath = "";
			projectRoot = "";
			targets = (
				1D6058900D05DD3D006BFB54 /* WPSC Sales */,
			);
		};
/* End PBXProject section */

/* Begin PBXResourcesBuildPhase section */
		1D60588D0D05DD3D006BFB54 /* Resources */ = {
			isa = PBXResourcesBuildPhase;
			buildActionMask = 2147483647;
			files = (
				28AD73600D9D9599002E5188 /* MainWindow.xib in Resources */,
				28F335F11007B36200424DE2 /* RootViewController.xib in Resources */,
				3151B2FD119E972200931CB6 /* getshopped.png in Resources */,
				31B3943511A3F66100E60835 /* RSSTableController.xib in Resources */,
			);
			runOnlyForDeploymentPostprocessing = 0;
		};
/* End PBXResourcesBuildPhase section */

/* Begin PBXSourcesBuildPhase section */
		1D60588E0D05DD3D006BFB54 /* Sources */ = {
			isa = PBXSourcesBuildPhase;
			buildActionMask = 2147483647;
			files = (
				1D60589B0D05DD56006BFB54 /* main.m in Sources */,
				1D3623260D0F684500981E51 /* WPSC_SalesAppDelegate.m in Sources */,
				28C286E10D94DF7D0034E888 /* RootViewController.m in Sources */,
				31B8CE9B1189A4CF00F25000 /* NSDataAdditions.m in Sources */,
				31B8CE9C1189A4CF00F25000 /* NSStringAdditions.m in Sources */,
				31B8CE9D1189A4CF00F25000 /* XMLRPCConnection.m in Sources */,
				31B8CE9E1189A4CF00F25000 /* XMLRPCConnectionManager.m in Sources */,
				31B8CE9F1189A4CF00F25000 /* XMLRPCEncoder.m in Sources */,
				31B8CEA01189A4CF00F25000 /* XMLRPCEventBasedParser.m in Sources */,
				31B8CEA11189A4CF00F25000 /* XMLRPCEventBasedParserDelegate.m in Sources */,
				31B8CEA21189A4CF00F25000 /* XMLRPCRequest.m in Sources */,
				31B8CEA31189A4CF00F25000 /* XMLRPCResponse.m in Sources */,
				31B3943411A3F66100E60835 /* RSSTableController.m in Sources */,
			);
			runOnlyForDeploymentPostprocessing = 0;
		};
/* End PBXSourcesBuildPhase section */

/* Begin XCBuildConfiguration section */
		1D6058940D05DD3E006BFB54 /* Debug */ = {
			isa = XCBuildConfiguration;
			buildSettings = {
				ALWAYS_SEARCH_USER_PATHS = NO;
				COPY_PHASE_STRIP = NO;
				GCC_DYNAMIC_NO_PIC = NO;
				GCC_OPTIMIZATION_LEVEL = 0;
				GCC_PRECOMPILE_PREFIX_HEADER = YES;
				GCC_PREFIX_HEADER = WPSC_Sales_Prefix.pch;
				INFOPLIST_FILE = "WPSC_Sales-Info.plist";
				PRODUCT_NAME = "WPSC Sales";
			};
			name = Debug;
		};
		1D6058950D05DD3E006BFB54 /* Release */ = {
			isa = XCBuildConfiguration;
			buildSettings = {
				ALWAYS_SEARCH_USER_PATHS = NO;
				COPY_PHASE_STRIP = YES;
				GCC_PRECOMPILE_PREFIX_HEADER = YES;
				GCC_PREFIX_HEADER = WPSC_Sales_Prefix.pch;
				INFOPLIST_FILE = "WPSC_Sales-Info.plist";
				PRODUCT_NAME = "WPSC Sales";
			};
			name = Release;
		};
		C01FCF4F08A954540054247B /* Debug */ = {
			isa = XCBuildConfiguration;
			buildSettings = {
				ARCHS = "$(ARCHS_STANDARD_32_BIT)";
				"CODE_SIGN_IDENTITY[sdk=iphoneos*]" = "iPhone Developer";
				GCC_C_LANGUAGE_STANDARD = c99;
				GCC_WARN_ABOUT_RETURN_TYPE = YES;
				GCC_WARN_UNUSED_VARIABLE = YES;
				PREBINDING = NO;
				SDKROOT = iphoneos3.1.2;
			};
			name = Debug;
		};
		C01FCF5008A954540054247B /* Release */ = {
			isa = XCBuildConfiguration;
			buildSettings = {
				ARCHS = "$(ARCHS_STANDARD_32_BIT)";
				"CODE_SIGN_IDENTITY[sdk=iphoneos*]" = "iPhone Developer";
				GCC_C_LANGUAGE_STANDARD = c99;
				GCC_WARN_ABOUT_RETURN_TYPE = YES;
				GCC_WARN_UNUSED_VARIABLE = YES;
				PREBINDING = NO;
				SDKROOT = iphoneos3.1.2;
			};
			name = Release;
		};
/* End XCBuildConfiguration section */

/* Begin XCConfigurationList section */
		1D6058960D05DD3E006BFB54 /* Build configuration list for PBXNativeTarget "WPSC Sales" */ = {
			isa = XCConfigurationList;
			buildConfigurations = (
				1D6058940D05DD3E006BFB54 /* Debug */,
				1D6058950D05DD3E006BFB54 /* Release */,
			);
			defaultConfigurationIsVisible = 0;
			defaultConfigurationName = Release;
		};
		C01FCF4E08A954540054247B /* Build configuration list for PBXProject "WPSC Sales" */ = {
			isa = XCConfigurationList;
			buildConfigurations = (
				C01FCF4F08A954540054247B /* Debug */,
				C01FCF5008A954540054247B /* Release */,
			);
			defaultConfigurationIsVisible = 0;
			defaultConfigurationName = Release;
		};
/* End XCConfigurationList section */
	};
	rootObject = 29B97313FDCFA39411CA2CEA /* Project object */;
}
